
Microsoft Visual Studio Solution File, Format Version 12.00
# Visual Studio Version 17
VisualStudioVersion = 17.2.32526.322
MinimumVisualStudioVersion = 10.0.40219.1
Project("{FAE04EC0-301F-11D3-BF4B-00C04F79EFBC}") = "RayMarching", "RayMarching\RayMarching.csproj", "{38331A33-09F4-4FCB-8F81-A71455829AF7}"
EndProject
Global
	GlobalSection(SolutionConfigurationPlatforms) = preSolution
		Debug|Any CPU = Debug|Any CPU
		Release|Any CPU = Release|Any CPU
	EndGlobalSection
	GlobalSection(ProjectConfigurationPlatforms) = postSolution
		{38331A33-09F4-4FCB-8F81-A71455829AF7}.Debug|Any CPU.ActiveCfg = Debug|Any CPU
		{38331A33-09F4-4FCB-8F81-A71455829AF7}.Debug|Any CPU.Build.0 = Debug|Any CPU
		{38331A33-09F4-4FCB-8F81-A71455829AF7}.Release|Any CPU.ActiveCfg = Release|Any CPU
		{38331A33-09F4-4FCB-8F81-A71455829AF7}.Release|Any CPU.Build.0 = Release|Any CPU
	EndGlobalSection
	GlobalSection(SolutionProperties) = preSolution
		HideSolutionNode = FALSE
	EndGlobalSection
	GlobalSection(ExtensibilityGlobals) = postSolution
		SolutionGuid = {5DBB42FA-A4A9-41F7-AEF4-869FC7642E0D}
	EndGlobalSection
EndGlobal
